
Microsoft Visual Studio Solution File, Format Version 12.00
# Visual Studio Version 16
VisualStudioVersion = 16.0.30804.86
MinimumVisualStudioVersion = 10.0.40219.1
Project("{FAE04EC0-301F-11D3-BF4B-00C04F79EFBC}") = "pCustomerwebapp", "pCustomerwebapp.csproj", "{5C0970DE-1DC3-42D9-A298-F633383DF879}"
EndProject
Global
	GlobalSection(SolutionConfigurationPlatforms) = preSolution
		Debug|Any CPU = Debug|Any CPU
		Release|Any CPU = Release|Any CPU
	EndGlobalSection
	GlobalSection(ProjectConfigurationPlatforms) = postSolution
		{5C0970DE-1DC3-42D9-A298-F633383DF879}.Debug|Any CPU.ActiveCfg = Debug|Any CPU
		{5C0970DE-1DC3-42D9-A298-F633383DF879}.Debug|Any CPU.Build.0 = Debug|Any CPU
		{5C0970DE-1DC3-42D9-A298-F633383DF879}.Release|Any CPU.ActiveCfg = Release|Any CPU
		{5C0970DE-1DC3-42D9-A298-F633383DF879}.Release|Any CPU.Build.0 = Release|Any CPU
	EndGlobalSection
	GlobalSection(SolutionProperties) = preSolution
		HideSolutionNode = FALSE
	EndGlobalSection
	GlobalSection(ExtensibilityGlobals) = postSolution
		SolutionGuid = {F66D2798-4458-4A38-BC2C-15B87FCE25F1}
	EndGlobalSection
EndGlobal
